
Microsoft Visual Studio Solution File, Format Version 12.00
# Visual Studio Version 16
VisualStudioVersion = 16.0.29509.3
MinimumVisualStudioVersion = 10.0.40219.1
Project("{FAE04EC0-301F-11D3-BF4B-00C04F79EFBC}") = "Sigantha.SystemWeb", "Sigantha.SystemWeb\Sigantha.SystemWeb.csproj", "{A511A546-FA7F-406E-972E-DB4B5AF35848}"
EndProject
Project("{FAE04EC0-301F-11D3-BF4B-00C04F79EFBC}") = "Sigantha.Api", "Sigantha.Api\Sigantha.Api.csproj", "{15363EB7-BECD-411F-8A1D-807625AE7A9D}"
EndProject
Project("{FAE04EC0-301F-11D3-BF4B-00C04F79EFBC}") = "Sigantha.Timeline", "Sigantha.Timeline\Sigantha.Timeline.csproj", "{9DDBCEB2-DC6A-44AD-B259-DB4A14EC924A}"
EndProject
Global
	GlobalSection(SolutionConfigurationPlatforms) = preSolution
		Debug|Any CPU = Debug|Any CPU
		Release|Any CPU = Release|Any CPU
	EndGlobalSection
	GlobalSection(ProjectConfigurationPlatforms) = postSolution
		{A511A546-FA7F-406E-972E-DB4B5AF35848}.Debug|Any CPU.ActiveCfg = Debug|Any CPU
		{A511A546-FA7F-406E-972E-DB4B5AF35848}.Debug|Any CPU.Build.0 = Debug|Any CPU
		{A511A546-FA7F-406E-972E-DB4B5AF35848}.Release|Any CPU.ActiveCfg = Release|Any CPU
		{A511A546-FA7F-406E-972E-DB4B5AF35848}.Release|Any CPU.Build.0 = Release|Any CPU
		{15363EB7-BECD-411F-8A1D-807625AE7A9D}.Debug|Any CPU.ActiveCfg = Debug|Any CPU
		{15363EB7-BECD-411F-8A1D-807625AE7A9D}.Debug|Any CPU.Build.0 = Debug|Any CPU
		{15363EB7-BECD-411F-8A1D-807625AE7A9D}.Release|Any CPU.ActiveCfg = Release|Any CPU
		{15363EB7-BECD-411F-8A1D-807625AE7A9D}.Release|Any CPU.Build.0 = Release|Any CPU
		{9DDBCEB2-DC6A-44AD-B259-DB4A14EC924A}.Debug|Any CPU.ActiveCfg = Debug|Any CPU
		{9DDBCEB2-DC6A-44AD-B259-DB4A14EC924A}.Debug|Any CPU.Build.0 = Debug|Any CPU
		{9DDBCEB2-DC6A-44AD-B259-DB4A14EC924A}.Release|Any CPU.ActiveCfg = Release|Any CPU
		{9DDBCEB2-DC6A-44AD-B259-DB4A14EC924A}.Release|Any CPU.Build.0 = Release|Any CPU
	EndGlobalSection
	GlobalSection(SolutionProperties) = preSolution
		HideSolutionNode = FALSE
	EndGlobalSection
	GlobalSection(ExtensibilityGlobals) = postSolution
		SolutionGuid = {E8C8CC5E-E8A1-44E3-B1AF-706B1306509E}
	EndGlobalSection
EndGlobal
